
Microsoft Visual Studio Solution File, Format Version 12.00
# Visual Studio Version 17
VisualStudioVersion = 17.7.34024.191
MinimumVisualStudioVersion = 10.0.40219.1
Project("{FAE04EC0-301F-11D3-BF4B-00C04F79EFBC}") = "CalculatorApp", "CalculatorApp\CalculatorApp.csproj", "{236533EA-6C27-4AC5-8ABB-E1EAD9296298}"
EndProject
Global
	GlobalSection(SolutionConfigurationPlatforms) = preSolution
		Debug|Any CPU = Debug|Any CPU
		Release|Any CPU = Release|Any CPU
	EndGlobalSection
	GlobalSection(ProjectConfigurationPlatforms) = postSolution
		{236533EA-6C27-4AC5-8ABB-E1EAD9296298}.Debug|Any CPU.ActiveCfg = Debug|Any CPU
		{236533EA-6C27-4AC5-8ABB-E1EAD9296298}.Debug|Any CPU.Build.0 = Debug|Any CPU
		{236533EA-6C27-4AC5-8ABB-E1EAD9296298}.Release|Any CPU.ActiveCfg = Release|Any CPU
		{236533EA-6C27-4AC5-8ABB-E1EAD9296298}.Release|Any CPU.Build.0 = Release|Any CPU
	EndGlobalSection
	GlobalSection(SolutionProperties) = preSolution
		HideSolutionNode = FALSE
	EndGlobalSection
	GlobalSection(ExtensibilityGlobals) = postSolution
		SolutionGuid = {7DD9D629-0B13-44C8-A7D2-293B3307C1FF}
	EndGlobalSection
EndGlobal
